
Microsoft Visual Studio Solution File, Format Version 12.00
# Visual Studio Version 17
VisualStudioVersion = 17.9.34622.214
MinimumVisualStudioVersion = 10.0.40219.1
Project("{FAE04EC0-301F-11D3-BF4B-00C04F79EFBC}") = "MergeRulesEngine", "MergeRulesEngine\MergeRulesEngine.csproj", "{7C5FB84D-8C36-4345-9B44-F26E0631367C}"
EndProject
Global
	GlobalSection(SolutionConfigurationPlatforms) = preSolution
		Debug|Any CPU = Debug|Any CPU
		Release|Any CPU = Release|Any CPU
	EndGlobalSection
	GlobalSection(ProjectConfigurationPlatforms) = postSolution
		{7C5FB84D-8C36-4345-9B44-F26E0631367C}.Debug|Any CPU.ActiveCfg = Debug|Any CPU
		{7C5FB84D-8C36-4345-9B44-F26E0631367C}.Debug|Any CPU.Build.0 = Debug|Any CPU
		{7C5FB84D-8C36-4345-9B44-F26E0631367C}.Release|Any CPU.ActiveCfg = Release|Any CPU
		{7C5FB84D-8C36-4345-9B44-F26E0631367C}.Release|Any CPU.Build.0 = Release|Any CPU
	EndGlobalSection
	GlobalSection(SolutionProperties) = preSolution
		HideSolutionNode = FALSE
	EndGlobalSection
	GlobalSection(ExtensibilityGlobals) = postSolution
		SolutionGuid = {4754B286-15D3-492E-9E16-9DF65957C627}
	EndGlobalSection
EndGlobal
